
Microsoft Visual Studio Solution File, Format Version 12.00
Project("{FAE04EC0-301F-11D3-BF4B-00C04F79EFBC}") = "App.Host", "src\App.Host\App.Host.csproj", "{1177BF08-D960-43B0-9BEF-5386838C18F0}"
EndProject
Project("{FAE04EC0-301F-11D3-BF4B-00C04F79EFBC}") = "Core", "src\Core\Core.csproj", "{570C9F84-8FCD-47F7-8FC1-67CAA49FA946}"
EndProject
Project("{B7DD6F7E-DEF8-4E67-B5B7-07EF123DB6F0}") = "Installer", "src\Installer\Installer.wixproj", "{7D15F5B5-91D0-4F7B-9EBD-2C9AAA5B9111}"
	ProjectSection(ProjectDependencies) = postProject
		{1177BF08-D960-43B0-9BEF-5386838C18F0} = {1177BF08-D960-43B0-9BEF-5386838C18F0}
	EndProjectSection
EndProject
Project("{2150E333-8FDC-42A3-9474-1A3956D46DE8}") = "Packaging", "Packaging", "{6D10489D-3F9A-4EFF-AE45-E198E397990E}"
EndProject
Project("{2150E333-8FDC-42A3-9474-1A3956D46DE8}") = "App", "App", "{481A1B81-23C4-46EB-9957-B6706606EA88}"
EndProject
Project("{FAE04EC0-301F-11D3-BF4B-00C04F79EFBC}") = "Installer.SourceGenerator", ".tools\Installer.SourceGenerator\Installer.SourceGenerator.csproj", "{CDE17638-EF9C-4F80-9F2B-05665B94C773}"
EndProject
Project("{2150E333-8FDC-42A3-9474-1A3956D46DE8}") = "Updater", "Updater", "{1AE3585C-23DA-41A9-9C98-14440C9E52E8}"
EndProject
Project("{FAE04EC0-301F-11D3-BF4B-00C04F79EFBC}") = "Updater.Host", "src\Updater.Host\Updater.Host.csproj", "{C178557B-3E51-4B7D-AB61-86404E8116E0}"
EndProject
Project("{2150E333-8FDC-42A3-9474-1A3956D46DE8}") = "Shared", "Shared", "{1C7D1ECF-ADAE-47BE-A08E-D77460C7E2A0}"
EndProject
Project("{FAE04EC0-301F-11D3-BF4B-00C04F79EFBC}") = "Shared.UI", "src\Shared.UI\Shared.UI.csproj", "{54276D1D-D289-48E6-992F-2642EAEAEDED}"
EndProject
Project("{FAE04EC0-301F-11D3-BF4B-00C04F79EFBC}") = "Shared.Core", "src\Shared.Core\Shared.Core.csproj", "{53129FD2-8329-446A-AE40-C939B3C499B4}"
EndProject
Project("{FAE04EC0-301F-11D3-BF4B-00C04F79EFBC}") = "Updater.Core", "src\Updater.Core\Updater.Core.csproj", "{B076BE25-61B8-4440-90E8-537903B7DCE1}"
EndProject
Project("{FAE04EC0-301F-11D3-BF4B-00C04F79EFBC}") = "Updater.Shared", "src\Updater.Shared\Updater.Shared.csproj", "{2FB554D7-C7F1-4305-99D8-FB43492C0A73}"
EndProject
Global
	GlobalSection(SolutionConfigurationPlatforms) = preSolution
		Debug|Any CPU = Debug|Any CPU
		Release|Any CPU = Release|Any CPU
	EndGlobalSection
	GlobalSection(ProjectConfigurationPlatforms) = postSolution
		{1177BF08-D960-43B0-9BEF-5386838C18F0}.Debug|Any CPU.ActiveCfg = Debug|Any CPU
		{1177BF08-D960-43B0-9BEF-5386838C18F0}.Debug|Any CPU.Build.0 = Debug|Any CPU
		{1177BF08-D960-43B0-9BEF-5386838C18F0}.Release|Any CPU.ActiveCfg = Release|Any CPU
		{1177BF08-D960-43B0-9BEF-5386838C18F0}.Release|Any CPU.Build.0 = Release|Any CPU
		{570C9F84-8FCD-47F7-8FC1-67CAA49FA946}.Debug|Any CPU.ActiveCfg = Debug|Any CPU
		{570C9F84-8FCD-47F7-8FC1-67CAA49FA946}.Debug|Any CPU.Build.0 = Debug|Any CPU
		{570C9F84-8FCD-47F7-8FC1-67CAA49FA946}.Release|Any CPU.ActiveCfg = Release|Any CPU
		{570C9F84-8FCD-47F7-8FC1-67CAA49FA946}.Release|Any CPU.Build.0 = Release|Any CPU
		{7D15F5B5-91D0-4F7B-9EBD-2C9AAA5B9111}.Debug|Any CPU.ActiveCfg = Debug|Any CPU
		{7D15F5B5-91D0-4F7B-9EBD-2C9AAA5B9111}.Debug|Any CPU.Build.0 = Debug|Any CPU
		{7D15F5B5-91D0-4F7B-9EBD-2C9AAA5B9111}.Release|Any CPU.ActiveCfg = Release|Any CPU
		{7D15F5B5-91D0-4F7B-9EBD-2C9AAA5B9111}.Release|Any CPU.Build.0 = Release|Any CPU
		{CDE17638-EF9C-4F80-9F2B-05665B94C773}.Debug|Any CPU.ActiveCfg = Debug|Any CPU
		{CDE17638-EF9C-4F80-9F2B-05665B94C773}.Debug|Any CPU.Build.0 = Debug|Any CPU
		{CDE17638-EF9C-4F80-9F2B-05665B94C773}.Release|Any CPU.ActiveCfg = Release|Any CPU
		{CDE17638-EF9C-4F80-9F2B-05665B94C773}.Release|Any CPU.Build.0 = Release|Any CPU
		{C178557B-3E51-4B7D-AB61-86404E8116E0}.Debug|Any CPU.ActiveCfg = Debug|Any CPU
		{C178557B-3E51-4B7D-AB61-86404E8116E0}.Debug|Any CPU.Build.0 = Debug|Any CPU
		{C178557B-3E51-4B7D-AB61-86404E8116E0}.Release|Any CPU.ActiveCfg = Release|Any CPU
		{C178557B-3E51-4B7D-AB61-86404E8116E0}.Release|Any CPU.Build.0 = Release|Any CPU
		{54276D1D-D289-48E6-992F-2642EAEAEDED}.Debug|Any CPU.ActiveCfg = Debug|Any CPU
		{54276D1D-D289-48E6-992F-2642EAEAEDED}.Debug|Any CPU.Build.0 = Debug|Any CPU
		{54276D1D-D289-48E6-992F-2642EAEAEDED}.Release|Any CPU.ActiveCfg = Release|Any CPU
		{54276D1D-D289-48E6-992F-2642EAEAEDED}.Release|Any CPU.Build.0 = Release|Any CPU
		{53129FD2-8329-446A-AE40-C939B3C499B4}.Debug|Any CPU.ActiveCfg = Debug|Any CPU
		{53129FD2-8329-446A-AE40-C939B3C499B4}.Debug|Any CPU.Build.0 = Debug|Any CPU
		{53129FD2-8329-446A-AE40-C939B3C499B4}.Release|Any CPU.ActiveCfg = Release|Any CPU
		{53129FD2-8329-446A-AE40-C939B3C499B4}.Release|Any CPU.Build.0 = Release|Any CPU
		{B076BE25-61B8-4440-90E8-537903B7DCE1}.Debug|Any CPU.ActiveCfg = Debug|Any CPU
		{B076BE25-61B8-4440-90E8-537903B7DCE1}.Debug|Any CPU.Build.0 = Debug|Any CPU
		{B076BE25-61B8-4440-90E8-537903B7DCE1}.Release|Any CPU.ActiveCfg = Release|Any CPU
		{B076BE25-61B8-4440-90E8-537903B7DCE1}.Release|Any CPU.Build.0 = Release|Any CPU
		{2FB554D7-C7F1-4305-99D8-FB43492C0A73}.Debug|Any CPU.ActiveCfg = Debug|Any CPU
		{2FB554D7-C7F1-4305-99D8-FB43492C0A73}.Debug|Any CPU.Build.0 = Debug|Any CPU
		{2FB554D7-C7F1-4305-99D8-FB43492C0A73}.Release|Any CPU.ActiveCfg = Release|Any CPU
		{2FB554D7-C7F1-4305-99D8-FB43492C0A73}.Release|Any CPU.Build.0 = Release|Any CPU
	EndGlobalSection
	GlobalSection(NestedProjects) = preSolution
		{1177BF08-D960-43B0-9BEF-5386838C18F0} = {481A1B81-23C4-46EB-9957-B6706606EA88}
		{570C9F84-8FCD-47F7-8FC1-67CAA49FA946} = {481A1B81-23C4-46EB-9957-B6706606EA88}
		{7D15F5B5-91D0-4F7B-9EBD-2C9AAA5B9111} = {6D10489D-3F9A-4EFF-AE45-E198E397990E}
		{CDE17638-EF9C-4F80-9F2B-05665B94C773} = {6D10489D-3F9A-4EFF-AE45-E198E397990E}
		{C178557B-3E51-4B7D-AB61-86404E8116E0} = {1AE3585C-23DA-41A9-9C98-14440C9E52E8}
		{54276D1D-D289-48E6-992F-2642EAEAEDED} = {1C7D1ECF-ADAE-47BE-A08E-D77460C7E2A0}
		{53129FD2-8329-446A-AE40-C939B3C499B4} = {1C7D1ECF-ADAE-47BE-A08E-D77460C7E2A0}
		{B076BE25-61B8-4440-90E8-537903B7DCE1} = {1AE3585C-23DA-41A9-9C98-14440C9E52E8}
		{2FB554D7-C7F1-4305-99D8-FB43492C0A73} = {1AE3585C-23DA-41A9-9C98-14440C9E52E8}
	EndGlobalSection
EndGlobal
